# This file is automatically @generated by Cargo.
# It is not intended for manual editing.
version = 4

[[package]]
name = "outctl-cli"
version = "0.1.0"
dependencies = [
 "outctl-engine",
]

[[package]]
name = "outctl-contracts"
version = "0.1.0"

[[package]]
name = "outctl-engine"
version = "0.1.0"
dependencies = [
 "outctl-contracts",
]
